
Microsoft Visual Studio Solution File, Format Version 10.00
# Visual Studio 2008
Project("{8BC9CEB8-8B4A-11D0-8D11-00A0C91BC942}") = "SetSpeakerMode", "SetSpeakerMode\SetSpeakerMode.vcproj", "{3A0602D6-502C-459F-B12C-73D3DDE6E376}"
EndProject
Project("{8BC9CEB8-8B4A-11D0-8D11-00A0C91BC942}") = "SetSpeakerMode2", "SetSpeakerMode2\SetSpeakerMode2.vcproj", "{21B03AC8-9B8A-4188-BCC6-69E61CF014C6}"
EndProject
Project("{8BC9CEB8-8B4A-11D0-8D11-00A0C91BC942}") = "SetSpeakerTest", "SetSpeakerTest\SetSpeakerTest.vcproj", "{CFF6FD84-E4E6-42BB-B2C8-204DC8F0F5E0}"
EndProject
Project("{FAE04EC0-301F-11D3-BF4B-00C04F79EFBC}") = "SetSpeakerTestCS", "SetSpeakerTestCS\SetSpeakerTestCS.csproj", "{C3277894-C2B7-4B85-A579-BA8DA8EAB40D}"
EndProject
Global
	GlobalSection(SolutionConfigurationPlatforms) = preSolution
		Debug|Any CPU = Debug|Any CPU
		Debug|Mixed Platforms = Debug|Mixed Platforms
		Debug|Pocket PC 2003 (ARMV4) = Debug|Pocket PC 2003 (ARMV4)
		Debug|Smartphone 2003 (ARMV4) = Debug|Smartphone 2003 (ARMV4)
		Debug|STANDARDSDK_500 (ARMV4I) = Debug|STANDARDSDK_500 (ARMV4I)
		Debug|Windows Mobile 5.0 Pocket PC SDK (ARMV4I) = Debug|Windows Mobile 5.0 Pocket PC SDK (ARMV4I)
		Debug|Windows Mobile 5.0 Smartphone SDK (ARMV4I) = Debug|Windows Mobile 5.0 Smartphone SDK (ARMV4I)
		Debug|Windows Mobile 6 Professional SDK (ARMV4I) = Debug|Windows Mobile 6 Professional SDK (ARMV4I)
		Debug|Windows Mobile 6.5.3 Professional DTK (ARMV4I) = Debug|Windows Mobile 6.5.3 Professional DTK (ARMV4I)
		Release|Any CPU = Release|Any CPU
		Release|Mixed Platforms = Release|Mixed Platforms
		Release|Pocket PC 2003 (ARMV4) = Release|Pocket PC 2003 (ARMV4)
		Release|Smartphone 2003 (ARMV4) = Release|Smartphone 2003 (ARMV4)
		Release|STANDARDSDK_500 (ARMV4I) = Release|STANDARDSDK_500 (ARMV4I)
		Release|Windows Mobile 5.0 Pocket PC SDK (ARMV4I) = Release|Windows Mobile 5.0 Pocket PC SDK (ARMV4I)
		Release|Windows Mobile 5.0 Smartphone SDK (ARMV4I) = Release|Windows Mobile 5.0 Smartphone SDK (ARMV4I)
		Release|Windows Mobile 6 Professional SDK (ARMV4I) = Release|Windows Mobile 6 Professional SDK (ARMV4I)
		Release|Windows Mobile 6.5.3 Professional DTK (ARMV4I) = Release|Windows Mobile 6.5.3 Professional DTK (ARMV4I)
	EndGlobalSection
	GlobalSection(ProjectConfigurationPlatforms) = postSolution
		{3A0602D6-502C-459F-B12C-73D3DDE6E376}.Debug|Any CPU.ActiveCfg = Debug|Windows Mobile 5.0 Smartphone SDK (ARMV4I)
		{3A0602D6-502C-459F-B12C-73D3DDE6E376}.Debug|Mixed Platforms.ActiveCfg = Debug|Windows Mobile 5.0 Smartphone SDK (ARMV4I)
		{3A0602D6-502C-459F-B12C-73D3DDE6E376}.Debug|Mixed Platforms.Build.0 = Debug|Windows Mobile 5.0 Smartphone SDK (ARMV4I)
		{3A0602D6-502C-459F-B12C-73D3DDE6E376}.Debug|Mixed Platforms.Deploy.0 = Debug|Windows Mobile 5.0 Smartphone SDK (ARMV4I)
		{3A0602D6-502C-459F-B12C-73D3DDE6E376}.Debug|Pocket PC 2003 (ARMV4).ActiveCfg = Debug|Pocket PC 2003 (ARMV4)
		{3A0602D6-502C-459F-B12C-73D3DDE6E376}.Debug|Pocket PC 2003 (ARMV4).Build.0 = Debug|Pocket PC 2003 (ARMV4)
		{3A0602D6-502C-459F-B12C-73D3DDE6E376}.Debug|Pocket PC 2003 (ARMV4).Deploy.0 = Debug|Pocket PC 2003 (ARMV4)
		{3A0602D6-502C-459F-B12C-73D3DDE6E376}.Debug|Smartphone 2003 (ARMV4).ActiveCfg = Debug|Smartphone 2003 (ARMV4)
		{3A0602D6-502C-459F-B12C-73D3DDE6E376}.Debug|Smartphone 2003 (ARMV4).Build.0 = Debug|Smartphone 2003 (ARMV4)
		{3A0602D6-502C-459F-B12C-73D3DDE6E376}.Debug|Smartphone 2003 (ARMV4).Deploy.0 = Debug|Smartphone 2003 (ARMV4)
		{3A0602D6-502C-459F-B12C-73D3DDE6E376}.Debug|STANDARDSDK_500 (ARMV4I).ActiveCfg = Debug|STANDARDSDK_500 (ARMV4I)
		{3A0602D6-502C-459F-B12C-73D3DDE6E376}.Debug|STANDARDSDK_500 (ARMV4I).Build.0 = Debug|STANDARDSDK_500 (ARMV4I)
		{3A0602D6-502C-459F-B12C-73D3DDE6E376}.Debug|STANDARDSDK_500 (ARMV4I).Deploy.0 = Debug|STANDARDSDK_500 (ARMV4I)
		{3A0602D6-502C-459F-B12C-73D3DDE6E376}.Debug|Windows Mobile 5.0 Pocket PC SDK (ARMV4I).ActiveCfg = Debug|Windows Mobile 5.0 Pocket PC SDK (ARMV4I)
		{3A0602D6-502C-459F-B12C-73D3DDE6E376}.Debug|Windows Mobile 5.0 Pocket PC SDK (ARMV4I).Build.0 = Debug|Windows Mobile 5.0 Pocket PC SDK (ARMV4I)
		{3A0602D6-502C-459F-B12C-73D3DDE6E376}.Debug|Windows Mobile 5.0 Pocket PC SDK (ARMV4I).Deploy.0 = Debug|Windows Mobile 5.0 Pocket PC SDK (ARMV4I)
		{3A0602D6-502C-459F-B12C-73D3DDE6E376}.Debug|Windows Mobile 5.0 Smartphone SDK (ARMV4I).ActiveCfg = Debug|Windows Mobile 5.0 Smartphone SDK (ARMV4I)
		{3A0602D6-502C-459F-B12C-73D3DDE6E376}.Debug|Windows Mobile 5.0 Smartphone SDK (ARMV4I).Build.0 = Debug|Windows Mobile 5.0 Smartphone SDK (ARMV4I)
		{3A0602D6-502C-459F-B12C-73D3DDE6E376}.Debug|Windows Mobile 5.0 Smartphone SDK (ARMV4I).Deploy.0 = Debug|Windows Mobile 5.0 Smartphone SDK (ARMV4I)
		{3A0602D6-502C-459F-B12C-73D3DDE6E376}.Debug|Windows Mobile 6 Professional SDK (ARMV4I).ActiveCfg = Debug|Windows Mobile 6 Professional SDK (ARMV4I)
		{3A0602D6-502C-459F-B12C-73D3DDE6E376}.Debug|Windows Mobile 6 Professional SDK (ARMV4I).Build.0 = Debug|Windows Mobile 6 Professional SDK (ARMV4I)
		{3A0602D6-502C-459F-B12C-73D3DDE6E376}.Debug|Windows Mobile 6 Professional SDK (ARMV4I).Deploy.0 = Debug|Windows Mobile 6 Professional SDK (ARMV4I)
		{3A0602D6-502C-459F-B12C-73D3DDE6E376}.Debug|Windows Mobile 6.5.3 Professional DTK (ARMV4I).ActiveCfg = Debug|Windows Mobile 6.5.3 Professional DTK (ARMV4I)
		{3A0602D6-502C-459F-B12C-73D3DDE6E376}.Debug|Windows Mobile 6.5.3 Professional DTK (ARMV4I).Build.0 = Debug|Windows Mobile 6.5.3 Professional DTK (ARMV4I)
		{3A0602D6-502C-459F-B12C-73D3DDE6E376}.Debug|Windows Mobile 6.5.3 Professional DTK (ARMV4I).Deploy.0 = Debug|Windows Mobile 6.5.3 Professional DTK (ARMV4I)
		{3A0602D6-502C-459F-B12C-73D3DDE6E376}.Release|Any CPU.ActiveCfg = Release|Windows Mobile 5.0 Smartphone SDK (ARMV4I)
		{3A0602D6-502C-459F-B12C-73D3DDE6E376}.Release|Mixed Platforms.ActiveCfg = Release|Windows Mobile 5.0 Smartphone SDK (ARMV4I)
		{3A0602D6-502C-459F-B12C-73D3DDE6E376}.Release|Mixed Platforms.Build.0 = Release|Windows Mobile 5.0 Smartphone SDK (ARMV4I)
		{3A0602D6-502C-459F-B12C-73D3DDE6E376}.Release|Mixed Platforms.Deploy.0 = Release|Windows Mobile 5.0 Smartphone SDK (ARMV4I)
		{3A0602D6-502C-459F-B12C-73D3DDE6E376}.Release|Pocket PC 2003 (ARMV4).ActiveCfg = Release|Pocket PC 2003 (ARMV4)
		{3A0602D6-502C-459F-B12C-73D3DDE6E376}.Release|Pocket PC 2003 (ARMV4).Build.0 = Release|Pocket PC 2003 (ARMV4)
		{3A0602D6-502C-459F-B12C-73D3DDE6E376}.Release|Pocket PC 2003 (ARMV4).Deploy.0 = Release|Pocket PC 2003 (ARMV4)
		{3A0602D6-502C-459F-B12C-73D3DDE6E376}.Release|Smartphone 2003 (ARMV4).ActiveCfg = Release|Smartphone 2003 (ARMV4)
		{3A0602D6-502C-459F-B12C-73D3DDE6E376}.Release|Smartphone 2003 (ARMV4).Build.0 = Release|Smartphone 2003 (ARMV4)
		{3A0602D6-502C-459F-B12C-73D3DDE6E376}.Release|Smartphone 2003 (ARMV4).Deploy.0 = Release|Smartphone 2003 (ARMV4)
		{3A0602D6-502C-459F-B12C-73D3DDE6E376}.Release|STANDARDSDK_500 (ARMV4I).ActiveCfg = Release|STANDARDSDK_500 (ARMV4I)
		{3A0602D6-502C-459F-B12C-73D3DDE6E376}.Release|STANDARDSDK_500 (ARMV4I).Build.0 = Release|STANDARDSDK_500 (ARMV4I)
		{3A0602D6-502C-459F-B12C-73D3DDE6E376}.Release|STANDARDSDK_500 (ARMV4I).Deploy.0 = Release|STANDARDSDK_500 (ARMV4I)
		{3A0602D6-502C-459F-B12C-73D3DDE6E376}.Release|Windows Mobile 5.0 Pocket PC SDK (ARMV4I).ActiveCfg = Release|Windows Mobile 5.0 Pocket PC SDK (ARMV4I)
		{3A0602D6-502C-459F-B12C-73D3DDE6E376}.Release|Windows Mobile 5.0 Pocket PC SDK (ARMV4I).Build.0 = Release|Windows Mobile 5.0 Pocket PC SDK (ARMV4I)
		{3A0602D6-502C-459F-B12C-73D3DDE6E376}.Release|Windows Mobile 5.0 Pocket PC SDK (ARMV4I).Deploy.0 = Release|Windows Mobile 5.0 Pocket PC SDK (ARMV4I)
		{3A0602D6-502C-459F-B12C-73D3DDE6E376}.Release|Windows Mobile 5.0 Smartphone SDK (ARMV4I).ActiveCfg = Release|Windows Mobile 5.0 Smartphone SDK (ARMV4I)
		{3A0602D6-502C-459F-B12C-73D3DDE6E376}.Release|Windows Mobile 5.0 Smartphone SDK (ARMV4I).Build.0 = Release|Windows Mobile 5.0 Smartphone SDK (ARMV4I)
		{3A0602D6-502C-459F-B12C-73D3DDE6E376}.Release|Windows Mobile 5.0 Smartphone SDK (ARMV4I).Deploy.0 = Release|Windows Mobile 5.0 Smartphone SDK (ARMV4I)
		{3A0602D6-502C-459F-B12C-73D3DDE6E376}.Release|Windows Mobile 6 Professional SDK (ARMV4I).ActiveCfg = Release|Windows Mobile 6 Professional SDK (ARMV4I)
		{3A0602D6-502C-459F-B12C-73D3DDE6E376}.Release|Windows Mobile 6 Professional SDK (ARMV4I).Build.0 = Release|Windows Mobile 6 Professional SDK (ARMV4I)
		{3A0602D6-502C-459F-B12C-73D3DDE6E376}.Release|Windows Mobile 6 Professional SDK (ARMV4I).Deploy.0 = Release|Windows Mobile 6 Professional SDK (ARMV4I)
		{3A0602D6-502C-459F-B12C-73D3DDE6E376}.Release|Windows Mobile 6.5.3 Professional DTK (ARMV4I).ActiveCfg = Release|Windows Mobile 6.5.3 Professional DTK (ARMV4I)
		{3A0602D6-502C-459F-B12C-73D3DDE6E376}.Release|Windows Mobile 6.5.3 Professional DTK (ARMV4I).Build.0 = Release|Windows Mobile 6.5.3 Professional DTK (ARMV4I)
		{3A0602D6-502C-459F-B12C-73D3DDE6E376}.Release|Windows Mobile 6.5.3 Professional DTK (ARMV4I).Deploy.0 = Release|Windows Mobile 6.5.3 Professional DTK (ARMV4I)
		{21B03AC8-9B8A-4188-BCC6-69E61CF014C6}.Debug|Any CPU.ActiveCfg = Debug|Windows Mobile 6.5.3 Professional DTK (ARMV4I)
		{21B03AC8-9B8A-4188-BCC6-69E61CF014C6}.Debug|Mixed Platforms.ActiveCfg = Debug|Windows Mobile 6.5.3 Professional DTK (ARMV4I)
		{21B03AC8-9B8A-4188-BCC6-69E61CF014C6}.Debug|Mixed Platforms.Build.0 = Debug|Windows Mobile 6.5.3 Professional DTK (ARMV4I)
		{21B03AC8-9B8A-4188-BCC6-69E61CF014C6}.Debug|Mixed Platforms.Deploy.0 = Debug|Windows Mobile 6.5.3 Professional DTK (ARMV4I)
		{21B03AC8-9B8A-4188-BCC6-69E61CF014C6}.Debug|Pocket PC 2003 (ARMV4).ActiveCfg = Debug|Windows Mobile 6.5.3 Professional DTK (ARMV4I)
		{21B03AC8-9B8A-4188-BCC6-69E61CF014C6}.Debug|Smartphone 2003 (ARMV4).ActiveCfg = Debug|Windows Mobile 6.5.3 Professional DTK (ARMV4I)
		{21B03AC8-9B8A-4188-BCC6-69E61CF014C6}.Debug|STANDARDSDK_500 (ARMV4I).ActiveCfg = Debug|Windows Mobile 6.5.3 Professional DTK (ARMV4I)
		{21B03AC8-9B8A-4188-BCC6-69E61CF014C6}.Debug|Windows Mobile 5.0 Pocket PC SDK (ARMV4I).ActiveCfg = Debug|Windows Mobile 6.5.3 Professional DTK (ARMV4I)
		{21B03AC8-9B8A-4188-BCC6-69E61CF014C6}.Debug|Windows Mobile 5.0 Smartphone SDK (ARMV4I).ActiveCfg = Debug|Windows Mobile 6.5.3 Professional DTK (ARMV4I)
		{21B03AC8-9B8A-4188-BCC6-69E61CF014C6}.Debug|Windows Mobile 6 Professional SDK (ARMV4I).ActiveCfg = Debug|Windows Mobile 6.5.3 Professional DTK (ARMV4I)
		{21B03AC8-9B8A-4188-BCC6-69E61CF014C6}.Debug|Windows Mobile 6.5.3 Professional DTK (ARMV4I).ActiveCfg = Debug|Windows Mobile 6.5.3 Professional DTK (ARMV4I)
		{21B03AC8-9B8A-4188-BCC6-69E61CF014C6}.Debug|Windows Mobile 6.5.3 Professional DTK (ARMV4I).Build.0 = Debug|Windows Mobile 6.5.3 Professional DTK (ARMV4I)
		{21B03AC8-9B8A-4188-BCC6-69E61CF014C6}.Debug|Windows Mobile 6.5.3 Professional DTK (ARMV4I).Deploy.0 = Debug|Windows Mobile 6.5.3 Professional DTK (ARMV4I)
		{21B03AC8-9B8A-4188-BCC6-69E61CF014C6}.Release|Any CPU.ActiveCfg = Release|Windows Mobile 6.5.3 Professional DTK (ARMV4I)
		{21B03AC8-9B8A-4188-BCC6-69E61CF014C6}.Release|Mixed Platforms.ActiveCfg = Release|Windows Mobile 6.5.3 Professional DTK (ARMV4I)
		{21B03AC8-9B8A-4188-BCC6-69E61CF014C6}.Release|Mixed Platforms.Build.0 = Release|Windows Mobile 6.5.3 Professional DTK (ARMV4I)
		{21B03AC8-9B8A-4188-BCC6-69E61CF014C6}.Release|Mixed Platforms.Deploy.0 = Release|Windows Mobile 6.5.3 Professional DTK (ARMV4I)
		{21B03AC8-9B8A-4188-BCC6-69E61CF014C6}.Release|Pocket PC 2003 (ARMV4).ActiveCfg = Release|Windows Mobile 6.5.3 Professional DTK (ARMV4I)
		{21B03AC8-9B8A-4188-BCC6-69E61CF014C6}.Release|Smartphone 2003 (ARMV4).ActiveCfg = Release|Windows Mobile 6.5.3 Professional DTK (ARMV4I)
		{21B03AC8-9B8A-4188-BCC6-69E61CF014C6}.Release|STANDARDSDK_500 (ARMV4I).ActiveCfg = Release|Windows Mobile 6.5.3 Professional DTK (ARMV4I)
		{21B03AC8-9B8A-4188-BCC6-69E61CF014C6}.Release|Windows Mobile 5.0 Pocket PC SDK (ARMV4I).ActiveCfg = Release|Windows Mobile 6.5.3 Professional DTK (ARMV4I)
		{21B03AC8-9B8A-4188-BCC6-69E61CF014C6}.Release|Windows Mobile 5.0 Smartphone SDK (ARMV4I).ActiveCfg = Release|Windows Mobile 6.5.3 Professional DTK (ARMV4I)
		{21B03AC8-9B8A-4188-BCC6-69E61CF014C6}.Release|Windows Mobile 6 Professional SDK (ARMV4I).ActiveCfg = Release|Windows Mobile 6.5.3 Professional DTK (ARMV4I)
		{21B03AC8-9B8A-4188-BCC6-69E61CF014C6}.Release|Windows Mobile 6.5.3 Professional DTK (ARMV4I).ActiveCfg = Release|Windows Mobile 6.5.3 Professional DTK (ARMV4I)
		{21B03AC8-9B8A-4188-BCC6-69E61CF014C6}.Release|Windows Mobile 6.5.3 Professional DTK (ARMV4I).Build.0 = Release|Windows Mobile 6.5.3 Professional DTK (ARMV4I)
		{21B03AC8-9B8A-4188-BCC6-69E61CF014C6}.Release|Windows Mobile 6.5.3 Professional DTK (ARMV4I).Deploy.0 = Release|Windows Mobile 6.5.3 Professional DTK (ARMV4I)
		{CFF6FD84-E4E6-42BB-B2C8-204DC8F0F5E0}.Debug|Any CPU.ActiveCfg = Debug|Windows Mobile 6.5.3 Professional DTK (ARMV4I)
		{CFF6FD84-E4E6-42BB-B2C8-204DC8F0F5E0}.Debug|Mixed Platforms.ActiveCfg = Debug|Windows Mobile 6.5.3 Professional DTK (ARMV4I)
		{CFF6FD84-E4E6-42BB-B2C8-204DC8F0F5E0}.Debug|Mixed Platforms.Build.0 = Debug|Windows Mobile 6.5.3 Professional DTK (ARMV4I)
		{CFF6FD84-E4E6-42BB-B2C8-204DC8F0F5E0}.Debug|Mixed Platforms.Deploy.0 = Debug|Windows Mobile 6.5.3 Professional DTK (ARMV4I)
		{CFF6FD84-E4E6-42BB-B2C8-204DC8F0F5E0}.Debug|Pocket PC 2003 (ARMV4).ActiveCfg = Debug|Windows Mobile 6.5.3 Professional DTK (ARMV4I)
		{CFF6FD84-E4E6-42BB-B2C8-204DC8F0F5E0}.Debug|Smartphone 2003 (ARMV4).ActiveCfg = Debug|Windows Mobile 6.5.3 Professional DTK (ARMV4I)
		{CFF6FD84-E4E6-42BB-B2C8-204DC8F0F5E0}.Debug|STANDARDSDK_500 (ARMV4I).ActiveCfg = Debug|Windows Mobile 6.5.3 Professional DTK (ARMV4I)
		{CFF6FD84-E4E6-42BB-B2C8-204DC8F0F5E0}.Debug|Windows Mobile 5.0 Pocket PC SDK (ARMV4I).ActiveCfg = Debug|Windows Mobile 5.0 Pocket PC SDK (ARMV4I)
		{CFF6FD84-E4E6-42BB-B2C8-204DC8F0F5E0}.Debug|Windows Mobile 5.0 Pocket PC SDK (ARMV4I).Build.0 = Debug|Windows Mobile 5.0 Pocket PC SDK (ARMV4I)
		{CFF6FD84-E4E6-42BB-B2C8-204DC8F0F5E0}.Debug|Windows Mobile 5.0 Pocket PC SDK (ARMV4I).Deploy.0 = Debug|Windows Mobile 5.0 Pocket PC SDK (ARMV4I)
		{CFF6FD84-E4E6-42BB-B2C8-204DC8F0F5E0}.Debug|Windows Mobile 5.0 Smartphone SDK (ARMV4I).ActiveCfg = Debug|Windows Mobile 5.0 Pocket PC SDK (ARMV4I)
		{CFF6FD84-E4E6-42BB-B2C8-204DC8F0F5E0}.Debug|Windows Mobile 6 Professional SDK (ARMV4I).ActiveCfg = Debug|Windows Mobile 6.5.3 Professional DTK (ARMV4I)
		{CFF6FD84-E4E6-42BB-B2C8-204DC8F0F5E0}.Debug|Windows Mobile 6.5.3 Professional DTK (ARMV4I).ActiveCfg = Debug|Windows Mobile 6.5.3 Professional DTK (ARMV4I)
		{CFF6FD84-E4E6-42BB-B2C8-204DC8F0F5E0}.Debug|Windows Mobile 6.5.3 Professional DTK (ARMV4I).Build.0 = Debug|Windows Mobile 6.5.3 Professional DTK (ARMV4I)
		{CFF6FD84-E4E6-42BB-B2C8-204DC8F0F5E0}.Debug|Windows Mobile 6.5.3 Professional DTK (ARMV4I).Deploy.0 = Debug|Windows Mobile 6.5.3 Professional DTK (ARMV4I)
		{CFF6FD84-E4E6-42BB-B2C8-204DC8F0F5E0}.Release|Any CPU.ActiveCfg = Release|Windows Mobile 6.5.3 Professional DTK (ARMV4I)
		{CFF6FD84-E4E6-42BB-B2C8-204DC8F0F5E0}.Release|Mixed Platforms.ActiveCfg = Release|Windows Mobile 6.5.3 Professional DTK (ARMV4I)
		{CFF6FD84-E4E6-42BB-B2C8-204DC8F0F5E0}.Release|Mixed Platforms.Build.0 = Release|Windows Mobile 6.5.3 Professional DTK (ARMV4I)
		{CFF6FD84-E4E6-42BB-B2C8-204DC8F0F5E0}.Release|Mixed Platforms.Deploy.0 = Release|Windows Mobile 6.5.3 Professional DTK (ARMV4I)
		{CFF6FD84-E4E6-42BB-B2C8-204DC8F0F5E0}.Release|Pocket PC 2003 (ARMV4).ActiveCfg = Release|Windows Mobile 6.5.3 Professional DTK (ARMV4I)
		{CFF6FD84-E4E6-42BB-B2C8-204DC8F0F5E0}.Release|Smartphone 2003 (ARMV4).ActiveCfg = Release|Windows Mobile 6.5.3 Professional DTK (ARMV4I)
		{CFF6FD84-E4E6-42BB-B2C8-204DC8F0F5E0}.Release|STANDARDSDK_500 (ARMV4I).ActiveCfg = Release|Windows Mobile 6.5.3 Professional DTK (ARMV4I)
		{CFF6FD84-E4E6-42BB-B2C8-204DC8F0F5E0}.Release|Windows Mobile 5.0 Pocket PC SDK (ARMV4I).ActiveCfg = Release|Windows Mobile 5.0 Pocket PC SDK (ARMV4I)
		{CFF6FD84-E4E6-42BB-B2C8-204DC8F0F5E0}.Release|Windows Mobile 5.0 Pocket PC SDK (ARMV4I).Build.0 = Release|Windows Mobile 5.0 Pocket PC SDK (ARMV4I)
		{CFF6FD84-E4E6-42BB-B2C8-204DC8F0F5E0}.Release|Windows Mobile 5.0 Pocket PC SDK (ARMV4I).Deploy.0 = Release|Windows Mobile 5.0 Pocket PC SDK (ARMV4I)
		{CFF6FD84-E4E6-42BB-B2C8-204DC8F0F5E0}.Release|Windows Mobile 5.0 Smartphone SDK (ARMV4I).ActiveCfg = Release|Windows Mobile 5.0 Pocket PC SDK (ARMV4I)
		{CFF6FD84-E4E6-42BB-B2C8-204DC8F0F5E0}.Release|Windows Mobile 6 Professional SDK (ARMV4I).ActiveCfg = Release|Windows Mobile 6.5.3 Professional DTK (ARMV4I)
		{CFF6FD84-E4E6-42BB-B2C8-204DC8F0F5E0}.Release|Windows Mobile 6.5.3 Professional DTK (ARMV4I).ActiveCfg = Release|Windows Mobile 6.5.3 Professional DTK (ARMV4I)
		{CFF6FD84-E4E6-42BB-B2C8-204DC8F0F5E0}.Release|Windows Mobile 6.5.3 Professional DTK (ARMV4I).Build.0 = Release|Windows Mobile 6.5.3 Professional DTK (ARMV4I)
		{CFF6FD84-E4E6-42BB-B2C8-204DC8F0F5E0}.Release|Windows Mobile 6.5.3 Professional DTK (ARMV4I).Deploy.0 = Release|Windows Mobile 6.5.3 Professional DTK (ARMV4I)
		{C3277894-C2B7-4B85-A579-BA8DA8EAB40D}.Debug|Any CPU.ActiveCfg = Debug|Any CPU
		{C3277894-C2B7-4B85-A579-BA8DA8EAB40D}.Debug|Any CPU.Build.0 = Debug|Any CPU
		{C3277894-C2B7-4B85-A579-BA8DA8EAB40D}.Debug|Any CPU.Deploy.0 = Debug|Any CPU
		{C3277894-C2B7-4B85-A579-BA8DA8EAB40D}.Debug|Mixed Platforms.ActiveCfg = Debug|Any CPU
		{C3277894-C2B7-4B85-A579-BA8DA8EAB40D}.Debug|Mixed Platforms.Build.0 = Debug|Any CPU
		{C3277894-C2B7-4B85-A579-BA8DA8EAB40D}.Debug|Mixed Platforms.Deploy.0 = Debug|Any CPU
		{C3277894-C2B7-4B85-A579-BA8DA8EAB40D}.Debug|Pocket PC 2003 (ARMV4).ActiveCfg = Debug|Any CPU
		{C3277894-C2B7-4B85-A579-BA8DA8EAB40D}.Debug|Smartphone 2003 (ARMV4).ActiveCfg = Debug|Any CPU
		{C3277894-C2B7-4B85-A579-BA8DA8EAB40D}.Debug|STANDARDSDK_500 (ARMV4I).ActiveCfg = Debug|Any CPU
		{C3277894-C2B7-4B85-A579-BA8DA8EAB40D}.Debug|Windows Mobile 5.0 Pocket PC SDK (ARMV4I).ActiveCfg = Debug|Any CPU
		{C3277894-C2B7-4B85-A579-BA8DA8EAB40D}.Debug|Windows Mobile 5.0 Smartphone SDK (ARMV4I).ActiveCfg = Debug|Any CPU
		{C3277894-C2B7-4B85-A579-BA8DA8EAB40D}.Debug|Windows Mobile 6 Professional SDK (ARMV4I).ActiveCfg = Debug|Any CPU
		{C3277894-C2B7-4B85-A579-BA8DA8EAB40D}.Debug|Windows Mobile 6.5.3 Professional DTK (ARMV4I).ActiveCfg = Debug|Any CPU
		{C3277894-C2B7-4B85-A579-BA8DA8EAB40D}.Release|Any CPU.ActiveCfg = Release|Any CPU
		{C3277894-C2B7-4B85-A579-BA8DA8EAB40D}.Release|Any CPU.Build.0 = Release|Any CPU
		{C3277894-C2B7-4B85-A579-BA8DA8EAB40D}.Release|Any CPU.Deploy.0 = Release|Any CPU
		{C3277894-C2B7-4B85-A579-BA8DA8EAB40D}.Release|Mixed Platforms.ActiveCfg = Release|Any CPU
		{C3277894-C2B7-4B85-A579-BA8DA8EAB40D}.Release|Mixed Platforms.Build.0 = Release|Any CPU
		{C3277894-C2B7-4B85-A579-BA8DA8EAB40D}.Release|Mixed Platforms.Deploy.0 = Release|Any CPU
		{C3277894-C2B7-4B85-A579-BA8DA8EAB40D}.Release|Pocket PC 2003 (ARMV4).ActiveCfg = Release|Any CPU
		{C3277894-C2B7-4B85-A579-BA8DA8EAB40D}.Release|Smartphone 2003 (ARMV4).ActiveCfg = Release|Any CPU
		{C3277894-C2B7-4B85-A579-BA8DA8EAB40D}.Release|STANDARDSDK_500 (ARMV4I).ActiveCfg = Release|Any CPU
		{C3277894-C2B7-4B85-A579-BA8DA8EAB40D}.Release|Windows Mobile 5.0 Pocket PC SDK (ARMV4I).ActiveCfg = Release|Any CPU
		{C3277894-C2B7-4B85-A579-BA8DA8EAB40D}.Release|Windows Mobile 5.0 Smartphone SDK (ARMV4I).ActiveCfg = Release|Any CPU
		{C3277894-C2B7-4B85-A579-BA8DA8EAB40D}.Release|Windows Mobile 6 Professional SDK (ARMV4I).ActiveCfg = Release|Any CPU
		{C3277894-C2B7-4B85-A579-BA8DA8EAB40D}.Release|Windows Mobile 6.5.3 Professional DTK (ARMV4I).ActiveCfg = Release|Any CPU
	EndGlobalSection
	GlobalSection(SolutionProperties) = preSolution
		HideSolutionNode = FALSE
	EndGlobalSection
EndGlobal
